
Microsoft Visual Studio Solution File, Format Version 12.00
# Visual Studio Version 17
VisualStudioVersion = 17.3.32825.248
MinimumVisualStudioVersion = 10.0.40219.1
Project("{FAE04EC0-301F-11D3-BF4B-00C04F79EFBC}") = "MeltySynth", "meltysynth\MeltySynth\MeltySynth.csproj", "{9D948C8C-1DDF-40B3-AFFD-BC5CC4AC91EE}"
EndProject
Project("{9A19103F-16F7-4668-BE54-9A1E7A4F7556}") = "PlayerAv", "PlayerAv\PlayerAv.csproj", "{A600C91F-A1BE-4D3E-B602-DF3A1C076CA3}"
EndProject
Project("{FAE04EC0-301F-11D3-BF4B-00C04F79EFBC}") = "midilib", "midilib\midilib.csproj", "{80EC0E18-2A72-45B9-9BDF-E33782B7927E}"
EndProject
Project("{FAE04EC0-301F-11D3-BF4B-00C04F79EFBC}") = "PlayerIOS", "PlayerIOS\PlayerIOS.csproj", "{DB201D9A-E8DF-4BED-80E7-C01D13B2D319}"
EndProject
Global
	GlobalSection(SolutionConfigurationPlatforms) = preSolution
		Debug|Any CPU = Debug|Any CPU
		Debug|ARM64 = Debug|ARM64
		Debug|x64 = Debug|x64
		Release|Any CPU = Release|Any CPU
		Release|ARM64 = Release|ARM64
		Release|x64 = Release|x64
		Windows_Debug|Any CPU = Windows_Debug|Any CPU
		Windows_Debug|ARM64 = Windows_Debug|ARM64
		Windows_Debug|x64 = Windows_Debug|x64
		Debug|iPhoneSimulator = Debug|iPhoneSimulator
		Release|iPhoneSimulator = Release|iPhoneSimulator
		Debug|iPhone = Debug|iPhone
		Release|iPhone = Release|iPhone
	EndGlobalSection
	GlobalSection(ProjectConfigurationPlatforms) = postSolution
		{9D948C8C-1DDF-40B3-AFFD-BC5CC4AC91EE}.Debug|Any CPU.ActiveCfg = Debug|Any CPU
		{9D948C8C-1DDF-40B3-AFFD-BC5CC4AC91EE}.Debug|Any CPU.Build.0 = Debug|Any CPU
		{9D948C8C-1DDF-40B3-AFFD-BC5CC4AC91EE}.Debug|ARM64.ActiveCfg = Debug|Any CPU
		{9D948C8C-1DDF-40B3-AFFD-BC5CC4AC91EE}.Debug|ARM64.Build.0 = Debug|Any CPU
		{9D948C8C-1DDF-40B3-AFFD-BC5CC4AC91EE}.Debug|x64.ActiveCfg = Debug|Any CPU
		{9D948C8C-1DDF-40B3-AFFD-BC5CC4AC91EE}.Debug|x64.Build.0 = Debug|Any CPU
		{9D948C8C-1DDF-40B3-AFFD-BC5CC4AC91EE}.Release|Any CPU.ActiveCfg = Release|Any CPU
		{9D948C8C-1DDF-40B3-AFFD-BC5CC4AC91EE}.Release|Any CPU.Build.0 = Release|Any CPU
		{9D948C8C-1DDF-40B3-AFFD-BC5CC4AC91EE}.Release|ARM64.ActiveCfg = Release|Any CPU
		{9D948C8C-1DDF-40B3-AFFD-BC5CC4AC91EE}.Release|ARM64.Build.0 = Release|Any CPU
		{9D948C8C-1DDF-40B3-AFFD-BC5CC4AC91EE}.Release|x64.ActiveCfg = Release|x64
		{9D948C8C-1DDF-40B3-AFFD-BC5CC4AC91EE}.Release|x64.Build.0 = Release|x64
		{9D948C8C-1DDF-40B3-AFFD-BC5CC4AC91EE}.Windows_Debug|Any CPU.ActiveCfg = Debug|Any CPU
		{9D948C8C-1DDF-40B3-AFFD-BC5CC4AC91EE}.Windows_Debug|Any CPU.Build.0 = Debug|Any CPU
		{9D948C8C-1DDF-40B3-AFFD-BC5CC4AC91EE}.Windows_Debug|ARM64.ActiveCfg = Debug|ARM64
		{9D948C8C-1DDF-40B3-AFFD-BC5CC4AC91EE}.Windows_Debug|ARM64.Build.0 = Debug|ARM64
		{9D948C8C-1DDF-40B3-AFFD-BC5CC4AC91EE}.Windows_Debug|x64.ActiveCfg = Debug|x64
		{9D948C8C-1DDF-40B3-AFFD-BC5CC4AC91EE}.Windows_Debug|x64.Build.0 = Debug|x64
		{9D948C8C-1DDF-40B3-AFFD-BC5CC4AC91EE}.Debug|iPhoneSimulator.ActiveCfg = Debug|Any CPU
		{9D948C8C-1DDF-40B3-AFFD-BC5CC4AC91EE}.Debug|iPhoneSimulator.Build.0 = Debug|Any CPU
		{9D948C8C-1DDF-40B3-AFFD-BC5CC4AC91EE}.Release|iPhoneSimulator.ActiveCfg = Release|Any CPU
		{9D948C8C-1DDF-40B3-AFFD-BC5CC4AC91EE}.Release|iPhoneSimulator.Build.0 = Release|Any CPU
		{9D948C8C-1DDF-40B3-AFFD-BC5CC4AC91EE}.Debug|iPhone.ActiveCfg = Debug|Any CPU
		{9D948C8C-1DDF-40B3-AFFD-BC5CC4AC91EE}.Debug|iPhone.Build.0 = Debug|Any CPU
		{9D948C8C-1DDF-40B3-AFFD-BC5CC4AC91EE}.Release|iPhone.ActiveCfg = Release|Any CPU
		{9D948C8C-1DDF-40B3-AFFD-BC5CC4AC91EE}.Release|iPhone.Build.0 = Release|Any CPU
		{A600C91F-A1BE-4D3E-B602-DF3A1C076CA3}.Debug|Any CPU.ActiveCfg = Debug|x64
		{A600C91F-A1BE-4D3E-B602-DF3A1C076CA3}.Debug|Any CPU.Build.0 = Debug|x64
		{A600C91F-A1BE-4D3E-B602-DF3A1C076CA3}.Debug|ARM64.ActiveCfg = Debug|ARM64
		{A600C91F-A1BE-4D3E-B602-DF3A1C076CA3}.Debug|ARM64.Build.0 = Debug|ARM64
		{A600C91F-A1BE-4D3E-B602-DF3A1C076CA3}.Debug|x64.ActiveCfg = Debug|x64
		{A600C91F-A1BE-4D3E-B602-DF3A1C076CA3}.Debug|x64.Build.0 = Debug|x64
		{A600C91F-A1BE-4D3E-B602-DF3A1C076CA3}.Release|Any CPU.ActiveCfg = Release|Any CPU
		{A600C91F-A1BE-4D3E-B602-DF3A1C076CA3}.Release|Any CPU.Build.0 = Release|Any CPU
		{A600C91F-A1BE-4D3E-B602-DF3A1C076CA3}.Release|ARM64.ActiveCfg = Release|ARM64
		{A600C91F-A1BE-4D3E-B602-DF3A1C076CA3}.Release|ARM64.Build.0 = Release|ARM64
		{A600C91F-A1BE-4D3E-B602-DF3A1C076CA3}.Release|x64.ActiveCfg = Release|x64
		{A600C91F-A1BE-4D3E-B602-DF3A1C076CA3}.Release|x64.Build.0 = Release|x64
		{A600C91F-A1BE-4D3E-B602-DF3A1C076CA3}.Windows_Debug|Any CPU.ActiveCfg = Windows_Debug|Any CPU
		{A600C91F-A1BE-4D3E-B602-DF3A1C076CA3}.Windows_Debug|Any CPU.Build.0 = Windows_Debug|Any CPU
		{A600C91F-A1BE-4D3E-B602-DF3A1C076CA3}.Windows_Debug|ARM64.ActiveCfg = Windows_Debug|ARM64
		{A600C91F-A1BE-4D3E-B602-DF3A1C076CA3}.Windows_Debug|ARM64.Build.0 = Windows_Debug|ARM64
		{A600C91F-A1BE-4D3E-B602-DF3A1C076CA3}.Windows_Debug|x64.ActiveCfg = Windows_Debug|x64
		{A600C91F-A1BE-4D3E-B602-DF3A1C076CA3}.Windows_Debug|x64.Build.0 = Windows_Debug|x64
		{A600C91F-A1BE-4D3E-B602-DF3A1C076CA3}.Debug|iPhoneSimulator.ActiveCfg = Debug|Any CPU
		{A600C91F-A1BE-4D3E-B602-DF3A1C076CA3}.Debug|iPhoneSimulator.Build.0 = Debug|Any CPU
		{A600C91F-A1BE-4D3E-B602-DF3A1C076CA3}.Release|iPhoneSimulator.ActiveCfg = Release|Any CPU
		{A600C91F-A1BE-4D3E-B602-DF3A1C076CA3}.Release|iPhoneSimulator.Build.0 = Release|Any CPU
		{A600C91F-A1BE-4D3E-B602-DF3A1C076CA3}.Debug|iPhone.ActiveCfg = Debug|Any CPU
		{A600C91F-A1BE-4D3E-B602-DF3A1C076CA3}.Debug|iPhone.Build.0 = Debug|Any CPU
		{A600C91F-A1BE-4D3E-B602-DF3A1C076CA3}.Release|iPhone.ActiveCfg = Release|Any CPU
		{A600C91F-A1BE-4D3E-B602-DF3A1C076CA3}.Release|iPhone.Build.0 = Release|Any CPU
		{80EC0E18-2A72-45B9-9BDF-E33782B7927E}.Debug|Any CPU.ActiveCfg = Debug|Any CPU
		{80EC0E18-2A72-45B9-9BDF-E33782B7927E}.Debug|Any CPU.Build.0 = Debug|Any CPU
		{80EC0E18-2A72-45B9-9BDF-E33782B7927E}.Debug|ARM64.ActiveCfg = Debug|Any CPU
		{80EC0E18-2A72-45B9-9BDF-E33782B7927E}.Debug|ARM64.Build.0 = Debug|Any CPU
		{80EC0E18-2A72-45B9-9BDF-E33782B7927E}.Debug|x64.ActiveCfg = Debug|Any CPU
		{80EC0E18-2A72-45B9-9BDF-E33782B7927E}.Debug|x64.Build.0 = Debug|Any CPU
		{80EC0E18-2A72-45B9-9BDF-E33782B7927E}.Release|Any CPU.ActiveCfg = Release|Any CPU
		{80EC0E18-2A72-45B9-9BDF-E33782B7927E}.Release|Any CPU.Build.0 = Release|Any CPU
		{80EC0E18-2A72-45B9-9BDF-E33782B7927E}.Release|ARM64.ActiveCfg = Release|Any CPU
		{80EC0E18-2A72-45B9-9BDF-E33782B7927E}.Release|ARM64.Build.0 = Release|Any CPU
		{80EC0E18-2A72-45B9-9BDF-E33782B7927E}.Release|x64.ActiveCfg = Release|Any CPU
		{80EC0E18-2A72-45B9-9BDF-E33782B7927E}.Release|x64.Build.0 = Release|Any CPU
		{80EC0E18-2A72-45B9-9BDF-E33782B7927E}.Windows_Debug|Any CPU.ActiveCfg = Debug|Any CPU
		{80EC0E18-2A72-45B9-9BDF-E33782B7927E}.Windows_Debug|Any CPU.Build.0 = Debug|Any CPU
		{80EC0E18-2A72-45B9-9BDF-E33782B7927E}.Windows_Debug|ARM64.ActiveCfg = Debug|Any CPU
		{80EC0E18-2A72-45B9-9BDF-E33782B7927E}.Windows_Debug|ARM64.Build.0 = Debug|Any CPU
		{80EC0E18-2A72-45B9-9BDF-E33782B7927E}.Windows_Debug|x64.ActiveCfg = Debug|Any CPU
		{80EC0E18-2A72-45B9-9BDF-E33782B7927E}.Windows_Debug|x64.Build.0 = Debug|Any CPU
		{80EC0E18-2A72-45B9-9BDF-E33782B7927E}.Debug|iPhoneSimulator.ActiveCfg = Debug|Any CPU
		{80EC0E18-2A72-45B9-9BDF-E33782B7927E}.Debug|iPhoneSimulator.Build.0 = Debug|Any CPU
		{80EC0E18-2A72-45B9-9BDF-E33782B7927E}.Release|iPhoneSimulator.ActiveCfg = Release|Any CPU
		{80EC0E18-2A72-45B9-9BDF-E33782B7927E}.Release|iPhoneSimulator.Build.0 = Release|Any CPU
		{80EC0E18-2A72-45B9-9BDF-E33782B7927E}.Debug|iPhone.ActiveCfg = Debug|Any CPU
		{80EC0E18-2A72-45B9-9BDF-E33782B7927E}.Debug|iPhone.Build.0 = Debug|Any CPU
		{80EC0E18-2A72-45B9-9BDF-E33782B7927E}.Release|iPhone.ActiveCfg = Release|Any CPU
		{80EC0E18-2A72-45B9-9BDF-E33782B7927E}.Release|iPhone.Build.0 = Release|Any CPU
		{DB201D9A-E8DF-4BED-80E7-C01D13B2D319}.Debug|Any CPU.ActiveCfg = Debug|iPhoneSimulator
		{DB201D9A-E8DF-4BED-80E7-C01D13B2D319}.Debug|Any CPU.Build.0 = Debug|iPhoneSimulator
		{DB201D9A-E8DF-4BED-80E7-C01D13B2D319}.Debug|ARM64.ActiveCfg = Debug|iPhoneSimulator
		{DB201D9A-E8DF-4BED-80E7-C01D13B2D319}.Debug|ARM64.Build.0 = Debug|iPhoneSimulator
		{DB201D9A-E8DF-4BED-80E7-C01D13B2D319}.Debug|x64.ActiveCfg = Debug|iPhoneSimulator
		{DB201D9A-E8DF-4BED-80E7-C01D13B2D319}.Debug|x64.Build.0 = Debug|iPhoneSimulator
		{DB201D9A-E8DF-4BED-80E7-C01D13B2D319}.Release|Any CPU.ActiveCfg = Release|iPhoneSimulator
		{DB201D9A-E8DF-4BED-80E7-C01D13B2D319}.Release|Any CPU.Build.0 = Release|iPhoneSimulator
		{DB201D9A-E8DF-4BED-80E7-C01D13B2D319}.Release|ARM64.ActiveCfg = Release|iPhoneSimulator
		{DB201D9A-E8DF-4BED-80E7-C01D13B2D319}.Release|ARM64.Build.0 = Release|iPhoneSimulator
		{DB201D9A-E8DF-4BED-80E7-C01D13B2D319}.Release|x64.ActiveCfg = Release|iPhoneSimulator
		{DB201D9A-E8DF-4BED-80E7-C01D13B2D319}.Release|x64.Build.0 = Release|iPhoneSimulator
		{DB201D9A-E8DF-4BED-80E7-C01D13B2D319}.Windows_Debug|Any CPU.ActiveCfg = Debug|iPhoneSimulator
		{DB201D9A-E8DF-4BED-80E7-C01D13B2D319}.Windows_Debug|Any CPU.Build.0 = Debug|iPhoneSimulator
		{DB201D9A-E8DF-4BED-80E7-C01D13B2D319}.Windows_Debug|ARM64.ActiveCfg = Debug|iPhoneSimulator
		{DB201D9A-E8DF-4BED-80E7-C01D13B2D319}.Windows_Debug|ARM64.Build.0 = Debug|iPhoneSimulator
		{DB201D9A-E8DF-4BED-80E7-C01D13B2D319}.Windows_Debug|x64.ActiveCfg = Debug|iPhoneSimulator
		{DB201D9A-E8DF-4BED-80E7-C01D13B2D319}.Windows_Debug|x64.Build.0 = Debug|iPhoneSimulator
		{DB201D9A-E8DF-4BED-80E7-C01D13B2D319}.Debug|iPhoneSimulator.ActiveCfg = Debug|iPhoneSimulator
		{DB201D9A-E8DF-4BED-80E7-C01D13B2D319}.Debug|iPhoneSimulator.Build.0 = Debug|iPhoneSimulator
		{DB201D9A-E8DF-4BED-80E7-C01D13B2D319}.Release|iPhoneSimulator.ActiveCfg = Release|iPhoneSimulator
		{DB201D9A-E8DF-4BED-80E7-C01D13B2D319}.Release|iPhoneSimulator.Build.0 = Release|iPhoneSimulator
		{DB201D9A-E8DF-4BED-80E7-C01D13B2D319}.Debug|iPhone.ActiveCfg = Debug|iPhone
		{DB201D9A-E8DF-4BED-80E7-C01D13B2D319}.Debug|iPhone.Build.0 = Debug|iPhone
		{DB201D9A-E8DF-4BED-80E7-C01D13B2D319}.Release|iPhone.ActiveCfg = Release|iPhone
		{DB201D9A-E8DF-4BED-80E7-C01D13B2D319}.Release|iPhone.Build.0 = Release|iPhone
	EndGlobalSection
	GlobalSection(SolutionProperties) = preSolution
		HideSolutionNode = FALSE
	EndGlobalSection
	GlobalSection(ExtensibilityGlobals) = postSolution
		SolutionGuid = {5473220B-A008-4921-8112-1692F08C209F}
	EndGlobalSection
EndGlobal
