
Microsoft Visual Studio Solution File, Format Version 12.00
# Visual Studio Version 17
VisualStudioVersion = 17.3.32825.248
MinimumVisualStudioVersion = 10.0.40219.1
Project("{9A19103F-16F7-4668-BE54-9A1E7A4F7556}") = "MeltySynth", "meltysynth\MeltySynth\MeltySynth.csproj", "{9D948C8C-1DDF-40B3-AFFD-BC5CC4AC91EE}"
EndProject
Project("{9A19103F-16F7-4668-BE54-9A1E7A4F7556}") = "midilib", "midilib\midilib.csproj", "{80EC0E18-2A72-45B9-9BDF-E33782B7927E}"
EndProject
Project("{9A19103F-16F7-4668-BE54-9A1E7A4F7556}") = "PlayerWPF", "PlayerWPF\PlayerWPF.csproj", "{9337E90E-53DB-45D4-A424-E96A85F1E1A3}"
EndProject
Project("{9A19103F-16F7-4668-BE54-9A1E7A4F7556}") = "midiprocess", "midiprocess\midiprocess.csproj", "{25080153-25A7-4D28-96BB-A2B8F2780DD6}"
EndProject
Project("{9A19103F-16F7-4668-BE54-9A1E7A4F7556}") = "ArtistTool", "ArtistTool\ArtistTool.csproj", "{2AABE92B-2293-45F7-9CE2-B0A5589FBE00}"
EndProject
Project("{FAE04EC0-301F-11D3-BF4B-00C04F79EFBC}") = "MidiPianoConvert", "MidiPianoConvert\MidiPianoConvert.csproj", "{30CB0EFA-C9E0-46C1-A251-49AED9D2EBB1}"
EndProject
Global
	GlobalSection(SolutionConfigurationPlatforms) = preSolution
		Debug|Any CPU = Debug|Any CPU
		Debug|ARM64 = Debug|ARM64
		Debug|iPhone = Debug|iPhone
		Debug|iPhoneSimulator = Debug|iPhoneSimulator
		Debug|x64 = Debug|x64
		Release|Any CPU = Release|Any CPU
		Release|ARM64 = Release|ARM64
		Release|iPhone = Release|iPhone
		Release|iPhoneSimulator = Release|iPhoneSimulator
		Release|x64 = Release|x64
		Windows_Debug|Any CPU = Windows_Debug|Any CPU
		Windows_Debug|ARM64 = Windows_Debug|ARM64
		Windows_Debug|iPhone = Windows_Debug|iPhone
		Windows_Debug|iPhoneSimulator = Windows_Debug|iPhoneSimulator
		Windows_Debug|x64 = Windows_Debug|x64
	EndGlobalSection
	GlobalSection(ProjectConfigurationPlatforms) = postSolution
		{9D948C8C-1DDF-40B3-AFFD-BC5CC4AC91EE}.Debug|Any CPU.ActiveCfg = Debug|Any CPU
		{9D948C8C-1DDF-40B3-AFFD-BC5CC4AC91EE}.Debug|Any CPU.Build.0 = Debug|Any CPU
		{9D948C8C-1DDF-40B3-AFFD-BC5CC4AC91EE}.Debug|ARM64.ActiveCfg = Debug|Any CPU
		{9D948C8C-1DDF-40B3-AFFD-BC5CC4AC91EE}.Debug|ARM64.Build.0 = Debug|Any CPU
		{9D948C8C-1DDF-40B3-AFFD-BC5CC4AC91EE}.Debug|iPhone.ActiveCfg = Debug|Any CPU
		{9D948C8C-1DDF-40B3-AFFD-BC5CC4AC91EE}.Debug|iPhone.Build.0 = Debug|Any CPU
		{9D948C8C-1DDF-40B3-AFFD-BC5CC4AC91EE}.Debug|iPhoneSimulator.ActiveCfg = Debug|Any CPU
		{9D948C8C-1DDF-40B3-AFFD-BC5CC4AC91EE}.Debug|iPhoneSimulator.Build.0 = Debug|Any CPU
		{9D948C8C-1DDF-40B3-AFFD-BC5CC4AC91EE}.Debug|x64.ActiveCfg = Debug|Any CPU
		{9D948C8C-1DDF-40B3-AFFD-BC5CC4AC91EE}.Debug|x64.Build.0 = Debug|Any CPU
		{9D948C8C-1DDF-40B3-AFFD-BC5CC4AC91EE}.Release|Any CPU.ActiveCfg = Release|Any CPU
		{9D948C8C-1DDF-40B3-AFFD-BC5CC4AC91EE}.Release|Any CPU.Build.0 = Release|Any CPU
		{9D948C8C-1DDF-40B3-AFFD-BC5CC4AC91EE}.Release|ARM64.ActiveCfg = Release|Any CPU
		{9D948C8C-1DDF-40B3-AFFD-BC5CC4AC91EE}.Release|ARM64.Build.0 = Release|Any CPU
		{9D948C8C-1DDF-40B3-AFFD-BC5CC4AC91EE}.Release|iPhone.ActiveCfg = Release|Any CPU
		{9D948C8C-1DDF-40B3-AFFD-BC5CC4AC91EE}.Release|iPhone.Build.0 = Release|Any CPU
		{9D948C8C-1DDF-40B3-AFFD-BC5CC4AC91EE}.Release|iPhoneSimulator.ActiveCfg = Release|Any CPU
		{9D948C8C-1DDF-40B3-AFFD-BC5CC4AC91EE}.Release|iPhoneSimulator.Build.0 = Release|Any CPU
		{9D948C8C-1DDF-40B3-AFFD-BC5CC4AC91EE}.Release|x64.ActiveCfg = Release|x64
		{9D948C8C-1DDF-40B3-AFFD-BC5CC4AC91EE}.Release|x64.Build.0 = Release|x64
		{9D948C8C-1DDF-40B3-AFFD-BC5CC4AC91EE}.Windows_Debug|Any CPU.ActiveCfg = Debug|Any CPU
		{9D948C8C-1DDF-40B3-AFFD-BC5CC4AC91EE}.Windows_Debug|Any CPU.Build.0 = Debug|Any CPU
		{9D948C8C-1DDF-40B3-AFFD-BC5CC4AC91EE}.Windows_Debug|ARM64.ActiveCfg = Debug|ARM64
		{9D948C8C-1DDF-40B3-AFFD-BC5CC4AC91EE}.Windows_Debug|ARM64.Build.0 = Debug|ARM64
		{9D948C8C-1DDF-40B3-AFFD-BC5CC4AC91EE}.Windows_Debug|iPhone.ActiveCfg = Debug|Any CPU
		{9D948C8C-1DDF-40B3-AFFD-BC5CC4AC91EE}.Windows_Debug|iPhone.Build.0 = Debug|Any CPU
		{9D948C8C-1DDF-40B3-AFFD-BC5CC4AC91EE}.Windows_Debug|iPhoneSimulator.ActiveCfg = Debug|Any CPU
		{9D948C8C-1DDF-40B3-AFFD-BC5CC4AC91EE}.Windows_Debug|iPhoneSimulator.Build.0 = Debug|Any CPU
		{9D948C8C-1DDF-40B3-AFFD-BC5CC4AC91EE}.Windows_Debug|x64.ActiveCfg = Debug|x64
		{9D948C8C-1DDF-40B3-AFFD-BC5CC4AC91EE}.Windows_Debug|x64.Build.0 = Debug|x64
		{80EC0E18-2A72-45B9-9BDF-E33782B7927E}.Debug|Any CPU.ActiveCfg = Debug|Any CPU
		{80EC0E18-2A72-45B9-9BDF-E33782B7927E}.Debug|Any CPU.Build.0 = Debug|Any CPU
		{80EC0E18-2A72-45B9-9BDF-E33782B7927E}.Debug|ARM64.ActiveCfg = Debug|Any CPU
		{80EC0E18-2A72-45B9-9BDF-E33782B7927E}.Debug|ARM64.Build.0 = Debug|Any CPU
		{80EC0E18-2A72-45B9-9BDF-E33782B7927E}.Debug|iPhone.ActiveCfg = Debug|Any CPU
		{80EC0E18-2A72-45B9-9BDF-E33782B7927E}.Debug|iPhone.Build.0 = Debug|Any CPU
		{80EC0E18-2A72-45B9-9BDF-E33782B7927E}.Debug|iPhoneSimulator.ActiveCfg = Debug|Any CPU
		{80EC0E18-2A72-45B9-9BDF-E33782B7927E}.Debug|iPhoneSimulator.Build.0 = Debug|Any CPU
		{80EC0E18-2A72-45B9-9BDF-E33782B7927E}.Debug|x64.ActiveCfg = Debug|Any CPU
		{80EC0E18-2A72-45B9-9BDF-E33782B7927E}.Debug|x64.Build.0 = Debug|Any CPU
		{80EC0E18-2A72-45B9-9BDF-E33782B7927E}.Release|Any CPU.ActiveCfg = Release|Any CPU
		{80EC0E18-2A72-45B9-9BDF-E33782B7927E}.Release|Any CPU.Build.0 = Release|Any CPU
		{80EC0E18-2A72-45B9-9BDF-E33782B7927E}.Release|ARM64.ActiveCfg = Release|Any CPU
		{80EC0E18-2A72-45B9-9BDF-E33782B7927E}.Release|ARM64.Build.0 = Release|Any CPU
		{80EC0E18-2A72-45B9-9BDF-E33782B7927E}.Release|iPhone.ActiveCfg = Release|Any CPU
		{80EC0E18-2A72-45B9-9BDF-E33782B7927E}.Release|iPhone.Build.0 = Release|Any CPU
		{80EC0E18-2A72-45B9-9BDF-E33782B7927E}.Release|iPhoneSimulator.ActiveCfg = Release|Any CPU
		{80EC0E18-2A72-45B9-9BDF-E33782B7927E}.Release|iPhoneSimulator.Build.0 = Release|Any CPU
		{80EC0E18-2A72-45B9-9BDF-E33782B7927E}.Release|x64.ActiveCfg = Release|Any CPU
		{80EC0E18-2A72-45B9-9BDF-E33782B7927E}.Release|x64.Build.0 = Release|Any CPU
		{80EC0E18-2A72-45B9-9BDF-E33782B7927E}.Windows_Debug|Any CPU.ActiveCfg = Debug|Any CPU
		{80EC0E18-2A72-45B9-9BDF-E33782B7927E}.Windows_Debug|Any CPU.Build.0 = Debug|Any CPU
		{80EC0E18-2A72-45B9-9BDF-E33782B7927E}.Windows_Debug|ARM64.ActiveCfg = Debug|Any CPU
		{80EC0E18-2A72-45B9-9BDF-E33782B7927E}.Windows_Debug|ARM64.Build.0 = Debug|Any CPU
		{80EC0E18-2A72-45B9-9BDF-E33782B7927E}.Windows_Debug|iPhone.ActiveCfg = Debug|Any CPU
		{80EC0E18-2A72-45B9-9BDF-E33782B7927E}.Windows_Debug|iPhone.Build.0 = Debug|Any CPU
		{80EC0E18-2A72-45B9-9BDF-E33782B7927E}.Windows_Debug|iPhoneSimulator.ActiveCfg = Debug|Any CPU
		{80EC0E18-2A72-45B9-9BDF-E33782B7927E}.Windows_Debug|iPhoneSimulator.Build.0 = Debug|Any CPU
		{80EC0E18-2A72-45B9-9BDF-E33782B7927E}.Windows_Debug|x64.ActiveCfg = Debug|Any CPU
		{80EC0E18-2A72-45B9-9BDF-E33782B7927E}.Windows_Debug|x64.Build.0 = Debug|Any CPU
		{9337E90E-53DB-45D4-A424-E96A85F1E1A3}.Debug|Any CPU.ActiveCfg = Debug|Any CPU
		{9337E90E-53DB-45D4-A424-E96A85F1E1A3}.Debug|Any CPU.Build.0 = Debug|Any CPU
		{9337E90E-53DB-45D4-A424-E96A85F1E1A3}.Debug|ARM64.ActiveCfg = Debug|Any CPU
		{9337E90E-53DB-45D4-A424-E96A85F1E1A3}.Debug|ARM64.Build.0 = Debug|Any CPU
		{9337E90E-53DB-45D4-A424-E96A85F1E1A3}.Debug|iPhone.ActiveCfg = Debug|Any CPU
		{9337E90E-53DB-45D4-A424-E96A85F1E1A3}.Debug|iPhone.Build.0 = Debug|Any CPU
		{9337E90E-53DB-45D4-A424-E96A85F1E1A3}.Debug|iPhoneSimulator.ActiveCfg = Debug|Any CPU
		{9337E90E-53DB-45D4-A424-E96A85F1E1A3}.Debug|iPhoneSimulator.Build.0 = Debug|Any CPU
		{9337E90E-53DB-45D4-A424-E96A85F1E1A3}.Debug|x64.ActiveCfg = Debug|Any CPU
		{9337E90E-53DB-45D4-A424-E96A85F1E1A3}.Debug|x64.Build.0 = Debug|Any CPU
		{9337E90E-53DB-45D4-A424-E96A85F1E1A3}.Release|Any CPU.ActiveCfg = Release|Any CPU
		{9337E90E-53DB-45D4-A424-E96A85F1E1A3}.Release|Any CPU.Build.0 = Release|Any CPU
		{9337E90E-53DB-45D4-A424-E96A85F1E1A3}.Release|ARM64.ActiveCfg = Release|Any CPU
		{9337E90E-53DB-45D4-A424-E96A85F1E1A3}.Release|ARM64.Build.0 = Release|Any CPU
		{9337E90E-53DB-45D4-A424-E96A85F1E1A3}.Release|iPhone.ActiveCfg = Release|Any CPU
		{9337E90E-53DB-45D4-A424-E96A85F1E1A3}.Release|iPhone.Build.0 = Release|Any CPU
		{9337E90E-53DB-45D4-A424-E96A85F1E1A3}.Release|iPhoneSimulator.ActiveCfg = Release|Any CPU
		{9337E90E-53DB-45D4-A424-E96A85F1E1A3}.Release|iPhoneSimulator.Build.0 = Release|Any CPU
		{9337E90E-53DB-45D4-A424-E96A85F1E1A3}.Release|x64.ActiveCfg = Release|Any CPU
		{9337E90E-53DB-45D4-A424-E96A85F1E1A3}.Release|x64.Build.0 = Release|Any CPU
		{9337E90E-53DB-45D4-A424-E96A85F1E1A3}.Windows_Debug|Any CPU.ActiveCfg = Debug|Any CPU
		{9337E90E-53DB-45D4-A424-E96A85F1E1A3}.Windows_Debug|Any CPU.Build.0 = Debug|Any CPU
		{9337E90E-53DB-45D4-A424-E96A85F1E1A3}.Windows_Debug|ARM64.ActiveCfg = Debug|Any CPU
		{9337E90E-53DB-45D4-A424-E96A85F1E1A3}.Windows_Debug|ARM64.Build.0 = Debug|Any CPU
		{9337E90E-53DB-45D4-A424-E96A85F1E1A3}.Windows_Debug|iPhone.ActiveCfg = Debug|Any CPU
		{9337E90E-53DB-45D4-A424-E96A85F1E1A3}.Windows_Debug|iPhone.Build.0 = Debug|Any CPU
		{9337E90E-53DB-45D4-A424-E96A85F1E1A3}.Windows_Debug|iPhoneSimulator.ActiveCfg = Debug|Any CPU
		{9337E90E-53DB-45D4-A424-E96A85F1E1A3}.Windows_Debug|iPhoneSimulator.Build.0 = Debug|Any CPU
		{9337E90E-53DB-45D4-A424-E96A85F1E1A3}.Windows_Debug|x64.ActiveCfg = Debug|Any CPU
		{9337E90E-53DB-45D4-A424-E96A85F1E1A3}.Windows_Debug|x64.Build.0 = Debug|Any CPU
		{25080153-25A7-4D28-96BB-A2B8F2780DD6}.Debug|Any CPU.ActiveCfg = Debug|Any CPU
		{25080153-25A7-4D28-96BB-A2B8F2780DD6}.Debug|Any CPU.Build.0 = Debug|Any CPU
		{25080153-25A7-4D28-96BB-A2B8F2780DD6}.Debug|ARM64.ActiveCfg = Debug|Any CPU
		{25080153-25A7-4D28-96BB-A2B8F2780DD6}.Debug|ARM64.Build.0 = Debug|Any CPU
		{25080153-25A7-4D28-96BB-A2B8F2780DD6}.Debug|iPhone.ActiveCfg = Debug|Any CPU
		{25080153-25A7-4D28-96BB-A2B8F2780DD6}.Debug|iPhone.Build.0 = Debug|Any CPU
		{25080153-25A7-4D28-96BB-A2B8F2780DD6}.Debug|iPhoneSimulator.ActiveCfg = Debug|Any CPU
		{25080153-25A7-4D28-96BB-A2B8F2780DD6}.Debug|iPhoneSimulator.Build.0 = Debug|Any CPU
		{25080153-25A7-4D28-96BB-A2B8F2780DD6}.Debug|x64.ActiveCfg = Debug|Any CPU
		{25080153-25A7-4D28-96BB-A2B8F2780DD6}.Debug|x64.Build.0 = Debug|Any CPU
		{25080153-25A7-4D28-96BB-A2B8F2780DD6}.Release|Any CPU.ActiveCfg = Release|Any CPU
		{25080153-25A7-4D28-96BB-A2B8F2780DD6}.Release|Any CPU.Build.0 = Release|Any CPU
		{25080153-25A7-4D28-96BB-A2B8F2780DD6}.Release|ARM64.ActiveCfg = Release|Any CPU
		{25080153-25A7-4D28-96BB-A2B8F2780DD6}.Release|ARM64.Build.0 = Release|Any CPU
		{25080153-25A7-4D28-96BB-A2B8F2780DD6}.Release|iPhone.ActiveCfg = Release|Any CPU
		{25080153-25A7-4D28-96BB-A2B8F2780DD6}.Release|iPhone.Build.0 = Release|Any CPU
		{25080153-25A7-4D28-96BB-A2B8F2780DD6}.Release|iPhoneSimulator.ActiveCfg = Release|Any CPU
		{25080153-25A7-4D28-96BB-A2B8F2780DD6}.Release|iPhoneSimulator.Build.0 = Release|Any CPU
		{25080153-25A7-4D28-96BB-A2B8F2780DD6}.Release|x64.ActiveCfg = Release|Any CPU
		{25080153-25A7-4D28-96BB-A2B8F2780DD6}.Release|x64.Build.0 = Release|Any CPU
		{25080153-25A7-4D28-96BB-A2B8F2780DD6}.Windows_Debug|Any CPU.ActiveCfg = Debug|Any CPU
		{25080153-25A7-4D28-96BB-A2B8F2780DD6}.Windows_Debug|Any CPU.Build.0 = Debug|Any CPU
		{25080153-25A7-4D28-96BB-A2B8F2780DD6}.Windows_Debug|ARM64.ActiveCfg = Debug|Any CPU
		{25080153-25A7-4D28-96BB-A2B8F2780DD6}.Windows_Debug|ARM64.Build.0 = Debug|Any CPU
		{25080153-25A7-4D28-96BB-A2B8F2780DD6}.Windows_Debug|iPhone.ActiveCfg = Debug|Any CPU
		{25080153-25A7-4D28-96BB-A2B8F2780DD6}.Windows_Debug|iPhone.Build.0 = Debug|Any CPU
		{25080153-25A7-4D28-96BB-A2B8F2780DD6}.Windows_Debug|iPhoneSimulator.ActiveCfg = Debug|Any CPU
		{25080153-25A7-4D28-96BB-A2B8F2780DD6}.Windows_Debug|iPhoneSimulator.Build.0 = Debug|Any CPU
		{25080153-25A7-4D28-96BB-A2B8F2780DD6}.Windows_Debug|x64.ActiveCfg = Debug|Any CPU
		{25080153-25A7-4D28-96BB-A2B8F2780DD6}.Windows_Debug|x64.Build.0 = Debug|Any CPU
		{2AABE92B-2293-45F7-9CE2-B0A5589FBE00}.Debug|Any CPU.ActiveCfg = Debug|Any CPU
		{2AABE92B-2293-45F7-9CE2-B0A5589FBE00}.Debug|Any CPU.Build.0 = Debug|Any CPU
		{2AABE92B-2293-45F7-9CE2-B0A5589FBE00}.Debug|ARM64.ActiveCfg = Debug|Any CPU
		{2AABE92B-2293-45F7-9CE2-B0A5589FBE00}.Debug|ARM64.Build.0 = Debug|Any CPU
		{2AABE92B-2293-45F7-9CE2-B0A5589FBE00}.Debug|iPhone.ActiveCfg = Debug|Any CPU
		{2AABE92B-2293-45F7-9CE2-B0A5589FBE00}.Debug|iPhone.Build.0 = Debug|Any CPU
		{2AABE92B-2293-45F7-9CE2-B0A5589FBE00}.Debug|iPhoneSimulator.ActiveCfg = Debug|Any CPU
		{2AABE92B-2293-45F7-9CE2-B0A5589FBE00}.Debug|iPhoneSimulator.Build.0 = Debug|Any CPU
		{2AABE92B-2293-45F7-9CE2-B0A5589FBE00}.Debug|x64.ActiveCfg = Debug|Any CPU
		{2AABE92B-2293-45F7-9CE2-B0A5589FBE00}.Debug|x64.Build.0 = Debug|Any CPU
		{2AABE92B-2293-45F7-9CE2-B0A5589FBE00}.Release|Any CPU.ActiveCfg = Release|Any CPU
		{2AABE92B-2293-45F7-9CE2-B0A5589FBE00}.Release|Any CPU.Build.0 = Release|Any CPU
		{2AABE92B-2293-45F7-9CE2-B0A5589FBE00}.Release|ARM64.ActiveCfg = Release|Any CPU
		{2AABE92B-2293-45F7-9CE2-B0A5589FBE00}.Release|ARM64.Build.0 = Release|Any CPU
		{2AABE92B-2293-45F7-9CE2-B0A5589FBE00}.Release|iPhone.ActiveCfg = Release|Any CPU
		{2AABE92B-2293-45F7-9CE2-B0A5589FBE00}.Release|iPhone.Build.0 = Release|Any CPU
		{2AABE92B-2293-45F7-9CE2-B0A5589FBE00}.Release|iPhoneSimulator.ActiveCfg = Release|Any CPU
		{2AABE92B-2293-45F7-9CE2-B0A5589FBE00}.Release|iPhoneSimulator.Build.0 = Release|Any CPU
		{2AABE92B-2293-45F7-9CE2-B0A5589FBE00}.Release|x64.ActiveCfg = Release|x64
		{2AABE92B-2293-45F7-9CE2-B0A5589FBE00}.Release|x64.Build.0 = Release|x64
		{2AABE92B-2293-45F7-9CE2-B0A5589FBE00}.Windows_Debug|Any CPU.ActiveCfg = Debug|Any CPU
		{2AABE92B-2293-45F7-9CE2-B0A5589FBE00}.Windows_Debug|Any CPU.Build.0 = Debug|Any CPU
		{2AABE92B-2293-45F7-9CE2-B0A5589FBE00}.Windows_Debug|ARM64.ActiveCfg = Debug|Any CPU
		{2AABE92B-2293-45F7-9CE2-B0A5589FBE00}.Windows_Debug|ARM64.Build.0 = Debug|Any CPU
		{2AABE92B-2293-45F7-9CE2-B0A5589FBE00}.Windows_Debug|iPhone.ActiveCfg = Debug|Any CPU
		{2AABE92B-2293-45F7-9CE2-B0A5589FBE00}.Windows_Debug|iPhone.Build.0 = Debug|Any CPU
		{2AABE92B-2293-45F7-9CE2-B0A5589FBE00}.Windows_Debug|iPhoneSimulator.ActiveCfg = Debug|Any CPU
		{2AABE92B-2293-45F7-9CE2-B0A5589FBE00}.Windows_Debug|iPhoneSimulator.Build.0 = Debug|Any CPU
		{2AABE92B-2293-45F7-9CE2-B0A5589FBE00}.Windows_Debug|x64.ActiveCfg = Debug|Any CPU
		{2AABE92B-2293-45F7-9CE2-B0A5589FBE00}.Windows_Debug|x64.Build.0 = Debug|Any CPU
		{30CB0EFA-C9E0-46C1-A251-49AED9D2EBB1}.Debug|Any CPU.ActiveCfg = Debug|Any CPU
		{30CB0EFA-C9E0-46C1-A251-49AED9D2EBB1}.Debug|Any CPU.Build.0 = Debug|Any CPU
		{30CB0EFA-C9E0-46C1-A251-49AED9D2EBB1}.Debug|ARM64.ActiveCfg = Debug|Any CPU
		{30CB0EFA-C9E0-46C1-A251-49AED9D2EBB1}.Debug|ARM64.Build.0 = Debug|Any CPU
		{30CB0EFA-C9E0-46C1-A251-49AED9D2EBB1}.Debug|iPhone.ActiveCfg = Debug|Any CPU
		{30CB0EFA-C9E0-46C1-A251-49AED9D2EBB1}.Debug|iPhone.Build.0 = Debug|Any CPU
		{30CB0EFA-C9E0-46C1-A251-49AED9D2EBB1}.Debug|iPhoneSimulator.ActiveCfg = Debug|Any CPU
		{30CB0EFA-C9E0-46C1-A251-49AED9D2EBB1}.Debug|iPhoneSimulator.Build.0 = Debug|Any CPU
		{30CB0EFA-C9E0-46C1-A251-49AED9D2EBB1}.Debug|x64.ActiveCfg = Debug|Any CPU
		{30CB0EFA-C9E0-46C1-A251-49AED9D2EBB1}.Debug|x64.Build.0 = Debug|Any CPU
		{30CB0EFA-C9E0-46C1-A251-49AED9D2EBB1}.Release|Any CPU.ActiveCfg = Release|Any CPU
		{30CB0EFA-C9E0-46C1-A251-49AED9D2EBB1}.Release|Any CPU.Build.0 = Release|Any CPU
		{30CB0EFA-C9E0-46C1-A251-49AED9D2EBB1}.Release|ARM64.ActiveCfg = Release|Any CPU
		{30CB0EFA-C9E0-46C1-A251-49AED9D2EBB1}.Release|ARM64.Build.0 = Release|Any CPU
		{30CB0EFA-C9E0-46C1-A251-49AED9D2EBB1}.Release|iPhone.ActiveCfg = Release|Any CPU
		{30CB0EFA-C9E0-46C1-A251-49AED9D2EBB1}.Release|iPhone.Build.0 = Release|Any CPU
		{30CB0EFA-C9E0-46C1-A251-49AED9D2EBB1}.Release|iPhoneSimulator.ActiveCfg = Release|Any CPU
		{30CB0EFA-C9E0-46C1-A251-49AED9D2EBB1}.Release|iPhoneSimulator.Build.0 = Release|Any CPU
		{30CB0EFA-C9E0-46C1-A251-49AED9D2EBB1}.Release|x64.ActiveCfg = Release|Any CPU
		{30CB0EFA-C9E0-46C1-A251-49AED9D2EBB1}.Release|x64.Build.0 = Release|Any CPU
		{30CB0EFA-C9E0-46C1-A251-49AED9D2EBB1}.Windows_Debug|Any CPU.ActiveCfg = Debug|Any CPU
		{30CB0EFA-C9E0-46C1-A251-49AED9D2EBB1}.Windows_Debug|Any CPU.Build.0 = Debug|Any CPU
		{30CB0EFA-C9E0-46C1-A251-49AED9D2EBB1}.Windows_Debug|ARM64.ActiveCfg = Debug|Any CPU
		{30CB0EFA-C9E0-46C1-A251-49AED9D2EBB1}.Windows_Debug|ARM64.Build.0 = Debug|Any CPU
		{30CB0EFA-C9E0-46C1-A251-49AED9D2EBB1}.Windows_Debug|iPhone.ActiveCfg = Debug|Any CPU
		{30CB0EFA-C9E0-46C1-A251-49AED9D2EBB1}.Windows_Debug|iPhone.Build.0 = Debug|Any CPU
		{30CB0EFA-C9E0-46C1-A251-49AED9D2EBB1}.Windows_Debug|iPhoneSimulator.ActiveCfg = Debug|Any CPU
		{30CB0EFA-C9E0-46C1-A251-49AED9D2EBB1}.Windows_Debug|iPhoneSimulator.Build.0 = Debug|Any CPU
		{30CB0EFA-C9E0-46C1-A251-49AED9D2EBB1}.Windows_Debug|x64.ActiveCfg = Debug|Any CPU
		{30CB0EFA-C9E0-46C1-A251-49AED9D2EBB1}.Windows_Debug|x64.Build.0 = Debug|Any CPU
	EndGlobalSection
	GlobalSection(SolutionProperties) = preSolution
		HideSolutionNode = FALSE
	EndGlobalSection
	GlobalSection(ExtensibilityGlobals) = postSolution
		SolutionGuid = {5473220B-A008-4921-8112-1692F08C209F}
	EndGlobalSection
EndGlobal
