
Microsoft Visual Studio Solution File, Format Version 12.00
# Visual Studio Version 17
VisualStudioVersion = 17.3.32825.248
MinimumVisualStudioVersion = 10.0.40219.1
Project("{FAE04EC0-301F-11D3-BF4B-00C04F79EFBC}") = "Player", "Player/Player.csproj", "{651F72A5-7615-47B7-BB1C-412A8E467BA3}"
EndProject
Global
	GlobalSection(SolutionConfigurationPlatforms) = preSolution
		Debug|Any CPU = Debug|Any CPU
		Release|Any CPU = Release|Any CPU
	EndGlobalSection
	GlobalSection(ProjectConfigurationPlatforms) = postSolution
		{651F72A5-7615-47B7-BB1C-412A8E467BA3}.Debug|Any CPU.ActiveCfg = Debug|Any CPU
		{651F72A5-7615-47B7-BB1C-412A8E467BA3}.Debug|Any CPU.Build.0 = Debug|Any CPU
		{651F72A5-7615-47B7-BB1C-412A8E467BA3}.Release|Any CPU.ActiveCfg = Release|Any CPU
		{651F72A5-7615-47B7-BB1C-412A8E467BA3}.Release|Any CPU.Build.0 = Release|Any CPU
	EndGlobalSection
	GlobalSection(SolutionProperties) = preSolution
		HideSolutionNode = FALSE
	EndGlobalSection
	GlobalSection(ExtensibilityGlobals) = postSolution
		SolutionGuid = {5473220B-A008-4921-8112-1692F08C209F}
	EndGlobalSection
EndGlobal
