
Microsoft Visual Studio Solution File, Format Version 12.00
# Visual Studio Version 17
VisualStudioVersion = 25.0.1706.4
MinimumVisualStudioVersion = 10.0.40219.1
Project("{9A19103F-16F7-4668-BE54-9A1E7A4F7556}") = "riffy", "riffy\riffy.csproj", "{EBFA8512-1EA5-4D8C-B4AC-AB5B48A6D568}"
EndProject
Project("{9A19103F-16F7-4668-BE54-9A1E7A4F7556}") = "riffy.Desktop", "riffy.Desktop\riffy.Desktop.csproj", "{ABC31E74-02FF-46EB-B3B2-4E6AE43B456C}"
EndProject
Project("{9A19103F-16F7-4668-BE54-9A1E7A4F7556}") = "riffy.Browser", "riffy.Browser\riffy.Browser.csproj", "{1C1A049E-235C-4CD0-B6FA-D53AC418F4DA}"
EndProject
Project("{9A19103F-16F7-4668-BE54-9A1E7A4F7556}") = "riffy.iOS", "riffy.iOS\riffy.iOS.csproj", "{EBD9022F-BC83-4846-9A11-6F7F3772DC64}"
EndProject
Project("{2150E333-8FDC-42A3-9474-1A3956D46DE8}") = "Solution Items", "Solution Items", "{3DA99C4E-89E3-4049-9C22-0A7EC60D83D8}"
	ProjectSection(SolutionItems) = preProject
		Directory.Build.props = Directory.Build.props
	EndProjectSection
EndProject
Project("{FAE04EC0-301F-11D3-BF4B-00C04F79EFBC}") = "midilib", "..\midilib\midilib.csproj", "{FF703A15-8449-4371-BED5-1224D931A935}"
EndProject
Global
	GlobalSection(SolutionConfigurationPlatforms) = preSolution
		Debug|Any CPU = Debug|Any CPU
		Release|Any CPU = Release|Any CPU
		Debug|ARM64 = Debug|ARM64
		Release|ARM64 = Release|ARM64
	EndGlobalSection
	GlobalSection(ProjectConfigurationPlatforms) = postSolution
		{EBFA8512-1EA5-4D8C-B4AC-AB5B48A6D568}.Debug|Any CPU.ActiveCfg = Debug|Any CPU
		{EBFA8512-1EA5-4D8C-B4AC-AB5B48A6D568}.Debug|Any CPU.Build.0 = Debug|Any CPU
		{EBFA8512-1EA5-4D8C-B4AC-AB5B48A6D568}.Release|Any CPU.ActiveCfg = Release|Any CPU
		{EBFA8512-1EA5-4D8C-B4AC-AB5B48A6D568}.Release|Any CPU.Build.0 = Release|Any CPU
		{EBFA8512-1EA5-4D8C-B4AC-AB5B48A6D568}.Debug|ARM64.ActiveCfg = Debug|Any CPU
		{EBFA8512-1EA5-4D8C-B4AC-AB5B48A6D568}.Debug|ARM64.Build.0 = Debug|Any CPU
		{EBFA8512-1EA5-4D8C-B4AC-AB5B48A6D568}.Release|ARM64.ActiveCfg = Release|Any CPU
		{EBFA8512-1EA5-4D8C-B4AC-AB5B48A6D568}.Release|ARM64.Build.0 = Release|Any CPU
		{ABC31E74-02FF-46EB-B3B2-4E6AE43B456C}.Debug|Any CPU.ActiveCfg = Debug|Any CPU
		{ABC31E74-02FF-46EB-B3B2-4E6AE43B456C}.Debug|Any CPU.Build.0 = Debug|Any CPU
		{ABC31E74-02FF-46EB-B3B2-4E6AE43B456C}.Release|Any CPU.ActiveCfg = Release|Any CPU
		{ABC31E74-02FF-46EB-B3B2-4E6AE43B456C}.Release|Any CPU.Build.0 = Release|Any CPU
		{ABC31E74-02FF-46EB-B3B2-4E6AE43B456C}.Debug|ARM64.ActiveCfg = Debug|Any CPU
		{ABC31E74-02FF-46EB-B3B2-4E6AE43B456C}.Debug|ARM64.Build.0 = Debug|Any CPU
		{ABC31E74-02FF-46EB-B3B2-4E6AE43B456C}.Release|ARM64.ActiveCfg = Release|Any CPU
		{ABC31E74-02FF-46EB-B3B2-4E6AE43B456C}.Release|ARM64.Build.0 = Release|Any CPU
		{1C1A049E-235C-4CD0-B6FA-D53AC418F4DA}.Debug|Any CPU.ActiveCfg = Debug|Any CPU
		{1C1A049E-235C-4CD0-B6FA-D53AC418F4DA}.Debug|Any CPU.Build.0 = Debug|Any CPU
		{1C1A049E-235C-4CD0-B6FA-D53AC418F4DA}.Release|Any CPU.ActiveCfg = Release|Any CPU
		{1C1A049E-235C-4CD0-B6FA-D53AC418F4DA}.Release|Any CPU.Build.0 = Release|Any CPU
		{1C1A049E-235C-4CD0-B6FA-D53AC418F4DA}.Debug|ARM64.ActiveCfg = Debug|Any CPU
		{1C1A049E-235C-4CD0-B6FA-D53AC418F4DA}.Debug|ARM64.Build.0 = Debug|Any CPU
		{1C1A049E-235C-4CD0-B6FA-D53AC418F4DA}.Release|ARM64.ActiveCfg = Release|Any CPU
		{1C1A049E-235C-4CD0-B6FA-D53AC418F4DA}.Release|ARM64.Build.0 = Release|Any CPU
		{EBD9022F-BC83-4846-9A11-6F7F3772DC64}.Debug|Any CPU.ActiveCfg = Debug|Any CPU
		{EBD9022F-BC83-4846-9A11-6F7F3772DC64}.Debug|Any CPU.Build.0 = Debug|Any CPU
		{EBD9022F-BC83-4846-9A11-6F7F3772DC64}.Release|Any CPU.ActiveCfg = Release|Any CPU
		{EBD9022F-BC83-4846-9A11-6F7F3772DC64}.Release|Any CPU.Build.0 = Release|Any CPU
		{EBD9022F-BC83-4846-9A11-6F7F3772DC64}.Debug|ARM64.ActiveCfg = Debug|Any CPU
		{EBD9022F-BC83-4846-9A11-6F7F3772DC64}.Debug|ARM64.Build.0 = Debug|Any CPU
		{EBD9022F-BC83-4846-9A11-6F7F3772DC64}.Release|ARM64.ActiveCfg = Release|Any CPU
		{EBD9022F-BC83-4846-9A11-6F7F3772DC64}.Release|ARM64.Build.0 = Release|Any CPU
		{95CCB8C0-2962-4931-8377-F1ACF9D0273B}.Debug|Any CPU.ActiveCfg = Debug|Any CPU
		{95CCB8C0-2962-4931-8377-F1ACF9D0273B}.Debug|Any CPU.Build.0 = Debug|Any CPU
		{95CCB8C0-2962-4931-8377-F1ACF9D0273B}.Release|Any CPU.ActiveCfg = Release|Any CPU
		{95CCB8C0-2962-4931-8377-F1ACF9D0273B}.Release|Any CPU.Build.0 = Release|Any CPU
		{95CCB8C0-2962-4931-8377-F1ACF9D0273B}.Debug|ARM64.ActiveCfg = Debug|Any CPU
		{95CCB8C0-2962-4931-8377-F1ACF9D0273B}.Debug|ARM64.Build.0 = Debug|Any CPU
		{95CCB8C0-2962-4931-8377-F1ACF9D0273B}.Release|ARM64.ActiveCfg = Release|Any CPU
		{95CCB8C0-2962-4931-8377-F1ACF9D0273B}.Release|ARM64.Build.0 = Release|Any CPU
		{EB45A485-1FDC-4152-AA3F-E21BECC504A1}.Debug|Any CPU.ActiveCfg = Debug|Any CPU
		{EB45A485-1FDC-4152-AA3F-E21BECC504A1}.Debug|Any CPU.Build.0 = Debug|Any CPU
		{EB45A485-1FDC-4152-AA3F-E21BECC504A1}.Release|Any CPU.ActiveCfg = Release|Any CPU
		{EB45A485-1FDC-4152-AA3F-E21BECC504A1}.Release|Any CPU.Build.0 = Release|Any CPU
		{EB45A485-1FDC-4152-AA3F-E21BECC504A1}.Debug|ARM64.ActiveCfg = Debug|Any CPU
		{EB45A485-1FDC-4152-AA3F-E21BECC504A1}.Debug|ARM64.Build.0 = Debug|Any CPU
		{EB45A485-1FDC-4152-AA3F-E21BECC504A1}.Release|ARM64.ActiveCfg = Release|Any CPU
		{EB45A485-1FDC-4152-AA3F-E21BECC504A1}.Release|ARM64.Build.0 = Release|Any CPU
		{75E8C4D3-2254-4C9B-AF57-106262408D70}.Debug|Any CPU.ActiveCfg = Debug|Any CPU
		{75E8C4D3-2254-4C9B-AF57-106262408D70}.Debug|Any CPU.Build.0 = Debug|Any CPU
		{75E8C4D3-2254-4C9B-AF57-106262408D70}.Release|Any CPU.ActiveCfg = Release|Any CPU
		{75E8C4D3-2254-4C9B-AF57-106262408D70}.Release|Any CPU.Build.0 = Release|Any CPU
		{75E8C4D3-2254-4C9B-AF57-106262408D70}.Debug|ARM64.ActiveCfg = Debug|Any CPU
		{75E8C4D3-2254-4C9B-AF57-106262408D70}.Debug|ARM64.Build.0 = Debug|Any CPU
		{75E8C4D3-2254-4C9B-AF57-106262408D70}.Release|ARM64.ActiveCfg = Release|Any CPU
		{75E8C4D3-2254-4C9B-AF57-106262408D70}.Release|ARM64.Build.0 = Release|Any CPU
		{42AB40FF-62C5-457B-8591-A0E6140E674A}.Debug|Any CPU.ActiveCfg = Debug|Any CPU
		{42AB40FF-62C5-457B-8591-A0E6140E674A}.Debug|Any CPU.Build.0 = Debug|Any CPU
		{42AB40FF-62C5-457B-8591-A0E6140E674A}.Release|Any CPU.ActiveCfg = Release|Any CPU
		{42AB40FF-62C5-457B-8591-A0E6140E674A}.Release|Any CPU.Build.0 = Release|Any CPU
		{42AB40FF-62C5-457B-8591-A0E6140E674A}.Debug|ARM64.ActiveCfg = Debug|Any CPU
		{42AB40FF-62C5-457B-8591-A0E6140E674A}.Debug|ARM64.Build.0 = Debug|Any CPU
		{42AB40FF-62C5-457B-8591-A0E6140E674A}.Release|ARM64.ActiveCfg = Release|Any CPU
		{42AB40FF-62C5-457B-8591-A0E6140E674A}.Release|ARM64.Build.0 = Release|Any CPU
		{FF703A15-8449-4371-BED5-1224D931A935}.Debug|Any CPU.ActiveCfg = Debug|Any CPU
		{FF703A15-8449-4371-BED5-1224D931A935}.Debug|Any CPU.Build.0 = Debug|Any CPU
		{FF703A15-8449-4371-BED5-1224D931A935}.Release|Any CPU.ActiveCfg = Release|Any CPU
		{FF703A15-8449-4371-BED5-1224D931A935}.Release|Any CPU.Build.0 = Release|Any CPU
		{FF703A15-8449-4371-BED5-1224D931A935}.Debug|ARM64.ActiveCfg = Debug|ARM64
		{FF703A15-8449-4371-BED5-1224D931A935}.Debug|ARM64.Build.0 = Debug|ARM64
		{FF703A15-8449-4371-BED5-1224D931A935}.Release|ARM64.ActiveCfg = Release|ARM64
		{FF703A15-8449-4371-BED5-1224D931A935}.Release|ARM64.Build.0 = Release|ARM64
	EndGlobalSection
	GlobalSection(SolutionProperties) = preSolution
		HideSolutionNode = FALSE
	EndGlobalSection
	GlobalSection(ExtensibilityGlobals) = postSolution
		SolutionGuid = {EDB83F6D-5E8A-4E39-8A37-F53CC421CC44}
	EndGlobalSection
EndGlobal
