
Microsoft Visual Studio Solution File, Format Version 12.00
# Visual Studio Version 17
VisualStudioVersion = 17.3.32811.315
MinimumVisualStudioVersion = 10.0.40219.1
Project("{9A19103F-16F7-4668-BE54-9A1E7A4F7556}") = "midilonia", "midilonia\midilonia.csproj", "{EBFA8512-1EA5-4D8C-B4AC-AB5B48A6D568}"
EndProject
Project("{9A19103F-16F7-4668-BE54-9A1E7A4F7556}") = "midilonia.iOS", "midilonia.iOS\midilonia.iOS.csproj", "{EBD9022F-BC83-4846-9A11-6F7F3772DC64}"
EndProject
Project("{9A19103F-16F7-4668-BE54-9A1E7A4F7556}") = "MeltySynth", "..\meltysynth\MeltySynth\MeltySynth.csproj", "{270388F6-06BB-46CE-87A2-63A4D6580CDE}"
EndProject
Project("{9A19103F-16F7-4668-BE54-9A1E7A4F7556}") = "midilib", "..\midilib\midilib.csproj", "{4FBE2CB1-2268-467E-9AAA-9903BA3367FB}"
EndProject
Project("{9A19103F-16F7-4668-BE54-9A1E7A4F7556}") = "midilonia.Desktop.MacOS", "midilonia.Desktop.MacOS\midilonia.Desktop.MacOS.csproj", "{5420C9A7-A93E-42C1-80CA-F906E34DAB11}"
EndProject
Project("{9A19103F-16F7-4668-BE54-9A1E7A4F7556}") = "audioout.MacOS", "..\audioout.MacOS\audioout.MacOS.csproj", "{7E440877-C691-4931-9401-4794DF0282DB}"
EndProject
Project("{9A19103F-16F7-4668-BE54-9A1E7A4F7556}") = "audioout.IOS", "..\audioout.IOS\audioout.IOS.csproj", "{ED9DE802-54FC-4B5B-95C9-CF50C437836D}"
EndProject
Project("{2150E333-8FDC-42A3-9474-1A3956D46DE8}") = "audioout", "audioout", "{71880024-93F0-4F6B-A924-370F75CD154F}"
EndProject
Global
	GlobalSection(SolutionConfigurationPlatforms) = preSolution
		Debug|Any CPU = Debug|Any CPU
		Debug|ARM64 = Debug|ARM64
		Debug|x64 = Debug|x64
		Release|Any CPU = Release|Any CPU
		Release|ARM64 = Release|ARM64
		Release|x64 = Release|x64
	EndGlobalSection
	GlobalSection(ProjectConfigurationPlatforms) = postSolution
		{EBFA8512-1EA5-4D8C-B4AC-AB5B48A6D568}.Debug|Any CPU.ActiveCfg = Debug|Any CPU
		{EBFA8512-1EA5-4D8C-B4AC-AB5B48A6D568}.Debug|Any CPU.Build.0 = Debug|Any CPU
		{EBFA8512-1EA5-4D8C-B4AC-AB5B48A6D568}.Debug|ARM64.ActiveCfg = Debug|Any CPU
		{EBFA8512-1EA5-4D8C-B4AC-AB5B48A6D568}.Debug|ARM64.Build.0 = Debug|Any CPU
		{EBFA8512-1EA5-4D8C-B4AC-AB5B48A6D568}.Debug|x64.ActiveCfg = Debug|Any CPU
		{EBFA8512-1EA5-4D8C-B4AC-AB5B48A6D568}.Debug|x64.Build.0 = Debug|Any CPU
		{EBFA8512-1EA5-4D8C-B4AC-AB5B48A6D568}.Release|Any CPU.ActiveCfg = Release|Any CPU
		{EBFA8512-1EA5-4D8C-B4AC-AB5B48A6D568}.Release|Any CPU.Build.0 = Release|Any CPU
		{EBFA8512-1EA5-4D8C-B4AC-AB5B48A6D568}.Release|ARM64.ActiveCfg = Release|Any CPU
		{EBFA8512-1EA5-4D8C-B4AC-AB5B48A6D568}.Release|ARM64.Build.0 = Release|Any CPU
		{EBFA8512-1EA5-4D8C-B4AC-AB5B48A6D568}.Release|x64.ActiveCfg = Release|Any CPU
		{EBFA8512-1EA5-4D8C-B4AC-AB5B48A6D568}.Release|x64.Build.0 = Release|Any CPU
		{EBD9022F-BC83-4846-9A11-6F7F3772DC64}.Debug|Any CPU.ActiveCfg = Debug|Any CPU
		{EBD9022F-BC83-4846-9A11-6F7F3772DC64}.Debug|ARM64.ActiveCfg = Debug|Any CPU
		{EBD9022F-BC83-4846-9A11-6F7F3772DC64}.Debug|x64.ActiveCfg = Debug|Any CPU
		{EBD9022F-BC83-4846-9A11-6F7F3772DC64}.Release|Any CPU.ActiveCfg = Release|Any CPU
		{EBD9022F-BC83-4846-9A11-6F7F3772DC64}.Release|Any CPU.Build.0 = Release|Any CPU
		{EBD9022F-BC83-4846-9A11-6F7F3772DC64}.Release|ARM64.ActiveCfg = Release|Any CPU
		{EBD9022F-BC83-4846-9A11-6F7F3772DC64}.Release|ARM64.Build.0 = Release|Any CPU
		{EBD9022F-BC83-4846-9A11-6F7F3772DC64}.Release|x64.ActiveCfg = Release|Any CPU
		{EBD9022F-BC83-4846-9A11-6F7F3772DC64}.Debug|Any CPU.Build.0 = Debug|Any CPU
		{270388F6-06BB-46CE-87A2-63A4D6580CDE}.Debug|Any CPU.ActiveCfg = Debug|Any CPU
		{270388F6-06BB-46CE-87A2-63A4D6580CDE}.Debug|Any CPU.Build.0 = Debug|Any CPU
		{270388F6-06BB-46CE-87A2-63A4D6580CDE}.Debug|ARM64.ActiveCfg = Debug|ARM64
		{270388F6-06BB-46CE-87A2-63A4D6580CDE}.Debug|ARM64.Build.0 = Debug|ARM64
		{270388F6-06BB-46CE-87A2-63A4D6580CDE}.Debug|x64.ActiveCfg = Debug|Any CPU
		{270388F6-06BB-46CE-87A2-63A4D6580CDE}.Debug|x64.Build.0 = Debug|Any CPU
		{270388F6-06BB-46CE-87A2-63A4D6580CDE}.Release|Any CPU.ActiveCfg = Release|Any CPU
		{270388F6-06BB-46CE-87A2-63A4D6580CDE}.Release|Any CPU.Build.0 = Release|Any CPU
		{270388F6-06BB-46CE-87A2-63A4D6580CDE}.Release|ARM64.ActiveCfg = Release|ARM64
		{270388F6-06BB-46CE-87A2-63A4D6580CDE}.Release|ARM64.Build.0 = Release|ARM64
		{270388F6-06BB-46CE-87A2-63A4D6580CDE}.Release|x64.ActiveCfg = Release|x64
		{270388F6-06BB-46CE-87A2-63A4D6580CDE}.Release|x64.Build.0 = Release|x64
		{4FBE2CB1-2268-467E-9AAA-9903BA3367FB}.Debug|Any CPU.ActiveCfg = Debug|Any CPU
		{4FBE2CB1-2268-467E-9AAA-9903BA3367FB}.Debug|Any CPU.Build.0 = Debug|Any CPU
		{4FBE2CB1-2268-467E-9AAA-9903BA3367FB}.Debug|ARM64.ActiveCfg = Debug|ARM64
		{4FBE2CB1-2268-467E-9AAA-9903BA3367FB}.Debug|ARM64.Build.0 = Debug|ARM64
		{4FBE2CB1-2268-467E-9AAA-9903BA3367FB}.Debug|x64.ActiveCfg = Debug|Any CPU
		{4FBE2CB1-2268-467E-9AAA-9903BA3367FB}.Debug|x64.Build.0 = Debug|Any CPU
		{4FBE2CB1-2268-467E-9AAA-9903BA3367FB}.Release|Any CPU.ActiveCfg = Release|Any CPU
		{4FBE2CB1-2268-467E-9AAA-9903BA3367FB}.Release|Any CPU.Build.0 = Release|Any CPU
		{4FBE2CB1-2268-467E-9AAA-9903BA3367FB}.Release|ARM64.ActiveCfg = Release|ARM64
		{4FBE2CB1-2268-467E-9AAA-9903BA3367FB}.Release|ARM64.Build.0 = Release|ARM64
		{4FBE2CB1-2268-467E-9AAA-9903BA3367FB}.Release|x64.ActiveCfg = Release|Any CPU
		{4FBE2CB1-2268-467E-9AAA-9903BA3367FB}.Release|x64.Build.0 = Release|Any CPU
		{5420C9A7-A93E-42C1-80CA-F906E34DAB11}.Debug|Any CPU.ActiveCfg = Debug|Any CPU
		{5420C9A7-A93E-42C1-80CA-F906E34DAB11}.Debug|ARM64.ActiveCfg = Debug|Any CPU
		{5420C9A7-A93E-42C1-80CA-F906E34DAB11}.Debug|ARM64.Build.0 = Debug|Any CPU
		{5420C9A7-A93E-42C1-80CA-F906E34DAB11}.Debug|x64.ActiveCfg = Debug|Any CPU
		{5420C9A7-A93E-42C1-80CA-F906E34DAB11}.Release|Any CPU.ActiveCfg = Release|Any CPU
		{5420C9A7-A93E-42C1-80CA-F906E34DAB11}.Release|Any CPU.Build.0 = Release|Any CPU
		{5420C9A7-A93E-42C1-80CA-F906E34DAB11}.Release|ARM64.ActiveCfg = Release|Any CPU
		{5420C9A7-A93E-42C1-80CA-F906E34DAB11}.Release|ARM64.Build.0 = Release|Any CPU
		{5420C9A7-A93E-42C1-80CA-F906E34DAB11}.Release|x64.ActiveCfg = Release|Any CPU
		{5420C9A7-A93E-42C1-80CA-F906E34DAB11}.Debug|Any CPU.Build.0 = Debug|Any CPU
		{7E440877-C691-4931-9401-4794DF0282DB}.Debug|Any CPU.ActiveCfg = Debug|Any CPU
		{7E440877-C691-4931-9401-4794DF0282DB}.Debug|ARM64.ActiveCfg = Debug|Any CPU
		{7E440877-C691-4931-9401-4794DF0282DB}.Debug|ARM64.Build.0 = Debug|Any CPU
		{7E440877-C691-4931-9401-4794DF0282DB}.Debug|x64.ActiveCfg = Debug|Any CPU
		{7E440877-C691-4931-9401-4794DF0282DB}.Release|Any CPU.ActiveCfg = Release|Any CPU
		{7E440877-C691-4931-9401-4794DF0282DB}.Release|Any CPU.Build.0 = Release|Any CPU
		{7E440877-C691-4931-9401-4794DF0282DB}.Release|ARM64.ActiveCfg = Release|Any CPU
		{7E440877-C691-4931-9401-4794DF0282DB}.Release|ARM64.Build.0 = Release|Any CPU
		{7E440877-C691-4931-9401-4794DF0282DB}.Release|x64.ActiveCfg = Release|Any CPU
		{7E440877-C691-4931-9401-4794DF0282DB}.Debug|Any CPU.Build.0 = Debug|Any CPU
		{ED9DE802-54FC-4B5B-95C9-CF50C437836D}.Debug|Any CPU.ActiveCfg = Debug|Any CPU
		{ED9DE802-54FC-4B5B-95C9-CF50C437836D}.Debug|ARM64.ActiveCfg = Debug|Any CPU
		{ED9DE802-54FC-4B5B-95C9-CF50C437836D}.Debug|x64.ActiveCfg = Debug|Any CPU
		{ED9DE802-54FC-4B5B-95C9-CF50C437836D}.Release|Any CPU.ActiveCfg = Release|Any CPU
		{ED9DE802-54FC-4B5B-95C9-CF50C437836D}.Release|Any CPU.Build.0 = Release|Any CPU
		{ED9DE802-54FC-4B5B-95C9-CF50C437836D}.Release|ARM64.ActiveCfg = Release|Any CPU
		{ED9DE802-54FC-4B5B-95C9-CF50C437836D}.Release|ARM64.Build.0 = Release|Any CPU
		{ED9DE802-54FC-4B5B-95C9-CF50C437836D}.Release|x64.ActiveCfg = Release|Any CPU
		{ED9DE802-54FC-4B5B-95C9-CF50C437836D}.Debug|Any CPU.Build.0 = Debug|Any CPU
		{0F68BAAB-18FD-4A07-8932-7BAAF383EAE8}.Debug|Any CPU.ActiveCfg = Debug|Any CPU
		{0F68BAAB-18FD-4A07-8932-7BAAF383EAE8}.Debug|Any CPU.Build.0 = Debug|Any CPU
		{0F68BAAB-18FD-4A07-8932-7BAAF383EAE8}.Debug|ARM64.ActiveCfg = Debug|Any CPU
		{0F68BAAB-18FD-4A07-8932-7BAAF383EAE8}.Debug|x64.ActiveCfg = Debug|Any CPU
		{0F68BAAB-18FD-4A07-8932-7BAAF383EAE8}.Debug|x64.Build.0 = Debug|Any CPU
		{0F68BAAB-18FD-4A07-8932-7BAAF383EAE8}.Release|Any CPU.ActiveCfg = Release|Any CPU
		{0F68BAAB-18FD-4A07-8932-7BAAF383EAE8}.Release|Any CPU.Build.0 = Release|Any CPU
		{0F68BAAB-18FD-4A07-8932-7BAAF383EAE8}.Release|ARM64.ActiveCfg = Release|Any CPU
		{0F68BAAB-18FD-4A07-8932-7BAAF383EAE8}.Release|x64.ActiveCfg = Release|Any CPU
		{0F68BAAB-18FD-4A07-8932-7BAAF383EAE8}.Release|x64.Build.0 = Release|Any CPU
	EndGlobalSection
	GlobalSection(SolutionProperties) = preSolution
		HideSolutionNode = FALSE
	EndGlobalSection
	GlobalSection(NestedProjects) = preSolution
		{7E440877-C691-4931-9401-4794DF0282DB} = {71880024-93F0-4F6B-A924-370F75CD154F}
		{ED9DE802-54FC-4B5B-95C9-CF50C437836D} = {71880024-93F0-4F6B-A924-370F75CD154F}
		{0F68BAAB-18FD-4A07-8932-7BAAF383EAE8} = {71880024-93F0-4F6B-A924-370F75CD154F}
	EndGlobalSection
	GlobalSection(ExtensibilityGlobals) = postSolution
		SolutionGuid = {83CB65B8-011F-4ED7-BCD3-A6CFA935EF7E}
	EndGlobalSection
EndGlobal
